PODS:
  - PersonaInquirySDK2 (2.5.3)
  - Realm (10.28.2):
    - Realm/Headers (= 10.28.2)
  - Realm/Headers (10.28.2)
  - RealmSwift (10.28.2):
    - Realm (= 10.28.2)

DEPENDENCIES:
  - PersonaInquirySDK2 (= 2.5.3)
  - RealmSwift (= 10.28.2)

SPEC REPOS:
  trunk:
    - PersonaInquirySDK2
    - Realm
    - RealmSwift

SPEC CHECKSUMS:
  PersonaInquirySDK2: 810418418dd0b5342ec9e77d063cb637d3ac3343
  Realm: e617c54ad0f566b3d0f6a2abae7010de05f252ac
  RealmSwift: 8a516a8759d80d52ebcec1ff1076f5f5159f98b2

PODFILE CHECKSUM: bab678254ae50369bb9fc8c31e9b53a7ca4f38a3

COCOAPODS: 1.11.3
